
Microsoft Visual Studio Solution File, Format Version 12.00
# Visual Studio Version 17
VisualStudioVersion = 17.10.34928.147
MinimumVisualStudioVersion = 10.0.40219.1
Project("{9A19103F-16F7-4668-BE54-9A1E7A4F7556}") = "NewSidikJariGUI", "NewSidikJariGUI.csproj", "{7B3F807A-35B2-4FE5-BA22-A665E93FB3B5}"
EndProject
Project("{9A19103F-16F7-4668-BE54-9A1E7A4F7556}") = "Database", "..\Database\Database.csproj", "{39627C52-334E-419F-B372-9A6469C680B0}"
EndProject
Project("{9A19103F-16F7-4668-BE54-9A1E7A4F7556}") = "Algorithm", "..\Algorithm\Algorithm.csproj", "{7ABE11B9-31BB-4005-AFD5-CEA7C3A584F9}"
EndProject
Global
	GlobalSection(SolutionConfigurationPlatforms) = preSolution
		Debug|Any CPU = Debug|Any CPU
		Release|Any CPU = Release|Any CPU
	EndGlobalSection
	GlobalSection(ProjectConfigurationPlatforms) = postSolution
		{7B3F807A-35B2-4FE5-BA22-A665E93FB3B5}.Debug|Any CPU.ActiveCfg = Debug|Any CPU
		{7B3F807A-35B2-4FE5-BA22-A665E93FB3B5}.Debug|Any CPU.Build.0 = Debug|Any CPU
		{7B3F807A-35B2-4FE5-BA22-A665E93FB3B5}.Release|Any CPU.ActiveCfg = Release|Any CPU
		{7B3F807A-35B2-4FE5-BA22-A665E93FB3B5}.Release|Any CPU.Build.0 = Release|Any CPU
		{39627C52-334E-419F-B372-9A6469C680B0}.Debug|Any CPU.ActiveCfg = Debug|Any CPU
		{39627C52-334E-419F-B372-9A6469C680B0}.Debug|Any CPU.Build.0 = Debug|Any CPU
		{39627C52-334E-419F-B372-9A6469C680B0}.Release|Any CPU.ActiveCfg = Release|Any CPU
		{39627C52-334E-419F-B372-9A6469C680B0}.Release|Any CPU.Build.0 = Release|Any CPU
		{7ABE11B9-31BB-4005-AFD5-CEA7C3A584F9}.Debug|Any CPU.ActiveCfg = Debug|Any CPU
		{7ABE11B9-31BB-4005-AFD5-CEA7C3A584F9}.Debug|Any CPU.Build.0 = Debug|Any CPU
		{7ABE11B9-31BB-4005-AFD5-CEA7C3A584F9}.Release|Any CPU.ActiveCfg = Release|Any CPU
		{7ABE11B9-31BB-4005-AFD5-CEA7C3A584F9}.Release|Any CPU.Build.0 = Release|Any CPU
	EndGlobalSection
	GlobalSection(SolutionProperties) = preSolution
		HideSolutionNode = FALSE
	EndGlobalSection
	GlobalSection(ExtensibilityGlobals) = postSolution
		SolutionGuid = {39EAE292-3626-4EBB-80CF-9865AD5FCD45}
	EndGlobalSection
EndGlobal
